// !$*UTF8*$!
{
	archiveVersion = 1;
	classes = {
	};
	objectVersion = 55;
	objects = {

/* Begin PBXBuildFile section */
		3DBE826128504C4B0037ED77 /* GoogleService-Info.plist in Resources */ = {isa = PBXBuildFile; fileRef = 3DBE826028504C4B0037ED77 /* GoogleService-Info.plist */; };
		3DFD3C7728504D1100DDB720 /* FirebaseAuth in Frameworks */ = {isa = PBXBuildFile; productRef = 3DFD3C7628504D1100DDB720 /* FirebaseAuth */; };
		3DFD3C7928504D1100DDB720 /* FirebaseFirestore in Frameworks */ = {isa = PBXBuildFile; productRef = 3DFD3C7828504D1100DDB720 /* FirebaseFirestore */; };
		35D1EE0A285062DF008768E0 /* Color+Extension.swift in Sources */ = {isa = PBXBuildFile; fileRef = 35D1EE09285062DF008768E0 /* Color+Extension.swift */; };
		35D1EE0F285063AB008768E0 /* User.swift in Sources */ = {isa = PBXBuildFile; fileRef = 35D1EE0E285063AB008768E0 /* User.swift */; };
		35D1EE11285063CF008768E0 /* Saving.swift in Sources */ = {isa = PBXBuildFile; fileRef = 35D1EE10285063CF008768E0 /* Saving.swift */; };
		35D1EE1328506D0B008768E0 /* Product.swift in Sources */ = {isa = PBXBuildFile; fileRef = 35D1EE1228506D0B008768E0 /* Product.swift */; };
		35D1EE1528508382008768E0 /* ThisWeek.swift in Sources */ = {isa = PBXBuildFile; fileRef = 35D1EE1428508382008768E0 /* ThisWeek.swift */; };
		767CAFF328502D2B00522C12 /* ToGatherApp.swift in Sources */ = {isa = PBXBuildFile; fileRef = 767CAFF228502D2B00522C12 /* ToGatherApp.swift */; };
		767CAFF528502D2B00522C12 /* ContentView.swift in Sources */ = {isa = PBXBuildFile; fileRef = 767CAFF428502D2B00522C12 /* ContentView.swift */; };
		767CAFF728502D2C00522C12 /* Assets.xcassets in Resources */ = {isa = PBXBuildFile; fileRef = 767CAFF628502D2C00522C12 /* Assets.xcassets */; };
		767CAFFA28502D2C00522C12 /* Preview Assets.xcassets in Resources */ = {isa = PBXBuildFile; fileRef = 767CAFF928502D2C00522C12 /* Preview Assets.xcassets */; };
		767CB019285042E900522C12 /* SettingGoal.swift in Sources */ = {isa = PBXBuildFile; fileRef = 767CB018285042E900522C12 /* SettingGoal.swift */; };
		767CB01F2850432900522C12 /* SettingPeriod.swift in Sources */ = {isa = PBXBuildFile; fileRef = 767CB01E2850432900522C12 /* SettingPeriod.swift */; };
		767CB0232850434B00522C12 /* AddingFriend.swift in Sources */ = {isa = PBXBuildFile; fileRef = 767CB0222850434B00522C12 /* AddingFriend.swift */; };
/* End PBXBuildFile section */

/* Begin PBXFileReference section */
		3DBE826028504C4B0037ED77 /* GoogleService-Info.plist */ = {isa = PBXFileReference; fileEncoding = 4; lastKnownFileType = text.plist.xml; path = "GoogleService-Info.plist"; sourceTree = "<group>"; };
		35D1EE09285062DF008768E0 /* Color+Extension.swift */ = {isa = PBXFileReference; fileEncoding = 4; lastKnownFileType = sourcecode.swift; name = "Color+Extension.swift"; path = "Extension/Color+Extension.swift"; sourceTree = SOURCE_ROOT; };
		35D1EE0E285063AB008768E0 /* User.swift */ = {isa = PBXFileReference; lastKnownFileType = sourcecode.swift; name = User.swift; path = ToGather/User.swift; sourceTree = SOURCE_ROOT; };
		35D1EE10285063CF008768E0 /* Saving.swift */ = {isa = PBXFileReference; lastKnownFileType = sourcecode.swift; name = Saving.swift; path = ToGather/Saving.swift; sourceTree = SOURCE_ROOT; };
		35D1EE1228506D0B008768E0 /* Product.swift */ = {isa = PBXFileReference; lastKnownFileType = sourcecode.swift; name = Product.swift; path = ToGather/Product.swift; sourceTree = SOURCE_ROOT; };
		35D1EE1428508382008768E0 /* ThisWeek.swift */ = {isa = PBXFileReference; lastKnownFileType = sourcecode.swift; name = ThisWeek.swift; path = ToGather/ThisWeek.swift; sourceTree = SOURCE_ROOT; };
		767CAFEF28502D2B00522C12 /* ToGather.app */ = {isa = PBXFileReference; explicitFileType = wrapper.application; includeInIndex = 0; path = ToGather.app; sourceTree = BUILT_PRODUCTS_DIR; };
		767CAFF228502D2B00522C12 /* ToGatherApp.swift */ = {isa = PBXFileReference; lastKnownFileType = sourcecode.swift; path = ToGatherApp.swift; sourceTree = "<group>"; };
		767CAFF428502D2B00522C12 /* ContentView.swift */ = {isa = PBXFileReference; lastKnownFileType = sourcecode.swift; path = ContentView.swift; sourceTree = "<group>"; };
		767CAFF628502D2C00522C12 /* Assets.xcassets */ = {isa = PBXFileReference; lastKnownFileType = folder.assetcatalog; name = Assets.xcassets; path = ../../../Resource/Assets.xcassets; sourceTree = "<group>"; };
		767CAFF928502D2C00522C12 /* Preview Assets.xcassets */ = {isa = PBXFileReference; lastKnownFileType = folder.assetcatalog; path = "Preview Assets.xcassets"; sourceTree = "<group>"; };
		767CB018285042E900522C12 /* SettingGoal.swift */ = {isa = PBXFileReference; lastKnownFileType = sourcecode.swift; name = SettingGoal.swift; path = ToGather/Screens/SettingGoal/View/SettingGoal.swift; sourceTree = SOURCE_ROOT; };
		767CB01E2850432900522C12 /* SettingPeriod.swift */ = {isa = PBXFileReference; lastKnownFileType = sourcecode.swift; path = SettingPeriod.swift; sourceTree = "<group>"; };
		767CB0222850434B00522C12 /* AddingFriend.swift */ = {isa = PBXFileReference; lastKnownFileType = sourcecode.swift; path = AddingFriend.swift; sourceTree = "<group>"; };
/* End PBXFileReference section */

/* Begin PBXFrameworksBuildPhase section */
		767CAFEC28502D2B00522C12 /* Frameworks */ = {
			isa = PBXFrameworksBuildPhase;
			buildActionMask = 2147483647;
			files = (
				3DFD3C7728504D1100DDB720 /* FirebaseAuth in Frameworks */,
				3DFD3C7928504D1100DDB720 /* FirebaseFirestore in Frameworks */,
			);
			runOnlyForDeploymentPostprocessing = 0;
		};
/* End PBXFrameworksBuildPhase section */

/* Begin PBXGroup section */
		35D1EE0B2850633B008768E0 /* ViewModel */ = {
			isa = PBXGroup;
			children = (
			);
			path = ViewModel;
			sourceTree = "<group>";
		};
		35D1EE0C28506342008768E0 /* ViewModel */ = {
			isa = PBXGroup;
			children = (
			);
			path = ViewModel;
			sourceTree = "<group>";
		};
		35D1EE0D2850634C008768E0 /* ViewModel */ = {
			isa = PBXGroup;
			children = (
			);
			path = ViewModel;
			sourceTree = "<group>";
		};
		767CAFE628502D2B00522C12 = {
			isa = PBXGroup;
			children = (
				767CAFF128502D2B00522C12 /* ToGather */,
				767CAFF028502D2B00522C12 /* Products */,
			);
			sourceTree = "<group>";
		};
		767CAFF028502D2B00522C12 /* Products */ = {
			isa = PBXGroup;
			children = (
				767CAFEF28502D2B00522C12 /* ToGather.app */,
			);
			name = Products;
			sourceTree = "<group>";
		};
		767CAFF128502D2B00522C12 /* ToGather */ = {
			isa = PBXGroup;
			children = (
				767CB00328503F5300522C12 /* Screens */,
				767CB00228503F4E00522C12 /* Global */,
				767CB00128503F3F00522C12 /* Models */,
				767CAFF228502D2B00522C12 /* ToGatherApp.swift */,
				767CAFF428502D2B00522C12 /* ContentView.swift */,
				767CAFF628502D2C00522C12 /* Assets.xcassets */,
				3DBE826028504C4B0037ED77 /* GoogleService-Info.plist */,
				767CAFF828502D2C00522C12 /* Preview Content */,
			);
			path = ToGather;
			sourceTree = "<group>";
		};
		767CAFF828502D2C00522C12 /* Preview Content */ = {
			isa = PBXGroup;
			children = (
				767CAFF928502D2C00522C12 /* Preview Assets.xcassets */,
			);
			path = "Preview Content";
			sourceTree = "<group>";
		};
		767CB00128503F3F00522C12 /* Models */ = {
			isa = PBXGroup;
			children = (
				35D1EE0E285063AB008768E0 /* User.swift */,
				35D1EE10285063CF008768E0 /* Saving.swift */,
				35D1EE1228506D0B008768E0 /* Product.swift */,
				35D1EE1428508382008768E0 /* ThisWeek.swift */,
			);
			path = Models;
			sourceTree = "<group>";
		};
		767CB00228503F4E00522C12 /* Global */ = {
			isa = PBXGroup;
			children = (
				767CB00828503F6E00522C12 /* Resource */,
				767CB00728503F6800522C12 /* UIComponent */,
				767CB00628503F6400522C12 /* Extension */,
				767CB00528503F5D00522C12 /* Literal */,
				767CB00428503F5900522C12 /* Service */,
			);
			path = Global;
			sourceTree = "<group>";
		};
		767CB00328503F5300522C12 /* Screens */ = {
			isa = PBXGroup;
			children = (
				767CAFF228502D2B00522C12 /* ToGatherApp.swift */,
				767CAFF428502D2B00522C12 /* ContentView.swift */,
				767CB0202850433100522C12 /* AddingFriend */,
				767CB01C2850431100522C12 /* SettingPeriod */,
				767CB01A285042F400522C12 /* SettingGoal */,
			);
			path = Screens;
			sourceTree = "<group>";
		};
		767CB00428503F5900522C12 /* Service */ = {
			isa = PBXGroup;
			children = (
			);
			path = Service;
			sourceTree = "<group>";
		};
		767CB00528503F5D00522C12 /* Literal */ = {
			isa = PBXGroup;
			children = (
			);
			path = Literal;
			sourceTree = "<group>";
		};
		767CB00628503F6400522C12 /* Extension */ = {
			isa = PBXGroup;
			children = (
				35D1EE09285062DF008768E0 /* Color+Extension.swift */,
			);
			path = Extension;
			sourceTree = "<group>";
		};
		767CB00728503F6800522C12 /* UIComponent */ = {
			isa = PBXGroup;
			children = (
			);
			path = UIComponent;
			sourceTree = "<group>";
		};
		767CB00828503F6E00522C12 /* Resource */ = {
			isa = PBXGroup;
			children = (
				767CAFF628502D2C00522C12 /* Assets.xcassets */,
			);
			path = Resource;
			sourceTree = "<group>";
		};
		767CB01A285042F400522C12 /* SettingGoal */ = {
			isa = PBXGroup;
			children = (
				35D1EE0D2850634C008768E0 /* ViewModel */,
				767CB01B2850430500522C12 /* View */,
			);
			path = SettingGoal;
			sourceTree = "<group>";
		};
		767CB01B2850430500522C12 /* View */ = {
			isa = PBXGroup;
			children = (
				767CB018285042E900522C12 /* SettingGoal.swift */,
			);
			path = View;
			sourceTree = "<group>";
		};
		767CB01C2850431100522C12 /* SettingPeriod */ = {
			isa = PBXGroup;
			children = (
				35D1EE0C28506342008768E0 /* ViewModel */,
				767CB01D2850432200522C12 /* View */,
			);
			path = SettingPeriod;
			sourceTree = "<group>";
		};
		767CB01D2850432200522C12 /* View */ = {
			isa = PBXGroup;
			children = (
				767CB01E2850432900522C12 /* SettingPeriod.swift */,
			);
			path = View;
			sourceTree = "<group>";
		};
		767CB0202850433100522C12 /* AddingFriend */ = {
			isa = PBXGroup;
			children = (
				35D1EE0B2850633B008768E0 /* ViewModel */,
				767CB0212850433C00522C12 /* View */,
			);
			path = AddingFriend;
			sourceTree = "<group>";
		};
		767CB0212850433C00522C12 /* View */ = {
			isa = PBXGroup;
			children = (
				767CB0222850434B00522C12 /* AddingFriend.swift */,
			);
			path = View;
			sourceTree = "<group>";
		};
/* End PBXGroup section */

/* Begin PBXNativeTarget section */
		767CAFEE28502D2B00522C12 /* ToGather */ = {
			isa = PBXNativeTarget;
			buildConfigurationList = 767CAFFD28502D2C00522C12 /* Build configuration list for PBXNativeTarget "ToGather" */;
			buildPhases = (
				767CAFEB28502D2B00522C12 /* Sources */,
				767CAFEC28502D2B00522C12 /* Frameworks */,
				767CAFED28502D2B00522C12 /* Resources */,
				767CB00028502D8000522C12 /* ShellScript */,
			);
			buildRules = (
			);
			dependencies = (
			);
			name = ToGather;
			packageProductDependencies = (
				3DFD3C7628504D1100DDB720 /* FirebaseAuth */,
				3DFD3C7828504D1100DDB720 /* FirebaseFirestore */,
			);
			productName = ToGather;
			productReference = 767CAFEF28502D2B00522C12 /* ToGather.app */;
			productType = "com.apple.product-type.application";
		};
/* End PBXNativeTarget section */

/* Begin PBXProject section */
		767CAFE728502D2B00522C12 /* Project object */ = {
			isa = PBXProject;
			attributes = {
				BuildIndependentTargetsInParallel = 1;
				LastSwiftUpdateCheck = 1330;
				LastUpgradeCheck = 1330;
				TargetAttributes = {
					767CAFEE28502D2B00522C12 = {
						CreatedOnToolsVersion = 13.3.1;
					};
				};
			};
			buildConfigurationList = 767CAFEA28502D2B00522C12 /* Build configuration list for PBXProject "ToGather" */;
			compatibilityVersion = "Xcode 13.0";
			developmentRegion = en;
			hasScannedForEncodings = 0;
			knownRegions = (
				en,
				Base,
			);
			mainGroup = 767CAFE628502D2B00522C12;
			packageReferences = (
				3DFD3C7528504D1100DDB720 /* XCRemoteSwiftPackageReference "firebase-ios-sdk" */,
			);
			productRefGroup = 767CAFF028502D2B00522C12 /* Products */;
			projectDirPath = "";
			projectRoot = "";
			targets = (
				767CAFEE28502D2B00522C12 /* ToGather */,
			);
		};
/* End PBXProject section */

/* Begin PBXResourcesBuildPhase section */
		767CAFED28502D2B00522C12 /* Resources */ = {
			isa = PBXResourcesBuildPhase;
			buildActionMask = 2147483647;
			files = (
				767CAFFA28502D2C00522C12 /* Preview Assets.xcassets in Resources */,
				767CAFF728502D2C00522C12 /* Assets.xcassets in Resources */,
				3DBE826128504C4B0037ED77 /* GoogleService-Info.plist in Resources */,
			);
			runOnlyForDeploymentPostprocessing = 0;
		};
/* End PBXResourcesBuildPhase section */

/* Begin PBXShellScriptBuildPhase section */
		767CB00028502D8000522C12 /* ShellScript */ = {
			isa = PBXShellScriptBuildPhase;
			buildActionMask = 2147483647;
			files = (
			);
			inputFileListPaths = (
			);
			inputPaths = (
			);
			outputFileListPaths = (
			);
			outputPaths = (
			);
			runOnlyForDeploymentPostprocessing = 0;
			shellPath = /bin/sh;
			shellScript = "export PATH=\"$PATH:/opt/homebrew/bin\"\nif which swiftlint > /dev/null; then\n  swiftlint\nelse\n  echo \"warning: SwiftLint not installed, download from https://github.com/realm/SwiftLint\"\nfi\n";
		};
/* End PBXShellScriptBuildPhase section */

/* Begin PBXSourcesBuildPhase section */
		767CAFEB28502D2B00522C12 /* Sources */ = {
			isa = PBXSourcesBuildPhase;
			buildActionMask = 2147483647;
			files = (
				767CB019285042E900522C12 /* SettingGoal.swift in Sources */,
				35D1EE0A285062DF008768E0 /* Color+Extension.swift in Sources */,
				35D1EE1328506D0B008768E0 /* Product.swift in Sources */,
				767CAFF528502D2B00522C12 /* ContentView.swift in Sources */,
				767CAFF328502D2B00522C12 /* ToGatherApp.swift in Sources */,
				767CB0232850434B00522C12 /* AddingFriend.swift in Sources */,
				767CB01F2850432900522C12 /* SettingPeriod.swift in Sources */,
				35D1EE1528508382008768E0 /* ThisWeek.swift in Sources */,
				35D1EE0F285063AB008768E0 /* User.swift in Sources */,
				35D1EE11285063CF008768E0 /* Saving.swift in Sources */,
			);
			runOnlyForDeploymentPostprocessing = 0;
		};
/* End PBXSourcesBuildPhase section */

/* Begin XCBuildConfiguration section */
		767CAFFB28502D2C00522C12 /* Debug */ = {
			isa = XCBuildConfiguration;
			buildSettings = {
				ALWAYS_SEARCH_USER_PATHS = NO;
				CLANG_ANALYZER_NONNULL = YES;
				CLANG_ANALYZER_NUMBER_OBJECT_CONVERSION = YES_AGGRESSIVE;
				CLANG_CXX_LANGUAGE_STANDARD = "gnu++17";
				CLANG_ENABLE_MODULES = YES;
				CLANG_ENABLE_OBJC_ARC = YES;
				CLANG_ENABLE_OBJC_WEAK = YES;
				CLANG_WARN_BLOCK_CAPTURE_AUTORELEASING = YES;
				CLANG_WARN_BOOL_CONVERSION = YES;
				CLANG_WARN_COMMA = YES;
				CLANG_WARN_CONSTANT_CONVERSION = YES;
				CLANG_WARN_DEPRECATED_OBJC_IMPLEMENTATIONS = YES;
				CLANG_WARN_DIRECT_OBJC_ISA_USAGE = YES_ERROR;
				CLANG_WARN_DOCUMENTATION_COMMENTS = YES;
				CLANG_WARN_EMPTY_BODY = YES;
				CLANG_WARN_ENUM_CONVERSION = YES;
				CLANG_WARN_INFINITE_RECURSION = YES;
				CLANG_WARN_INT_CONVERSION = YES;
				CLANG_WARN_NON_LITERAL_NULL_CONVERSION = YES;
				CLANG_WARN_OBJC_IMPLICIT_RETAIN_SELF = YES;
				CLANG_WARN_OBJC_LITERAL_CONVERSION = YES;
				CLANG_WARN_OBJC_ROOT_CLASS = YES_ERROR;
				CLANG_WARN_QUOTED_INCLUDE_IN_FRAMEWORK_HEADER = YES;
				CLANG_WARN_RANGE_LOOP_ANALYSIS = YES;
				CLANG_WARN_STRICT_PROTOTYPES = YES;
				CLANG_WARN_SUSPICIOUS_MOVE = YES;
				CLANG_WARN_UNGUARDED_AVAILABILITY = YES_AGGRESSIVE;
				CLANG_WARN_UNREACHABLE_CODE = YES;
				CLANG_WARN__DUPLICATE_METHOD_MATCH = YES;
				COPY_PHASE_STRIP = NO;
				DEBUG_INFORMATION_FORMAT = dwarf;
				ENABLE_STRICT_OBJC_MSGSEND = YES;
				ENABLE_TESTABILITY = YES;
				GCC_C_LANGUAGE_STANDARD = gnu11;
				GCC_DYNAMIC_NO_PIC = NO;
				GCC_NO_COMMON_BLOCKS = YES;
				GCC_OPTIMIZATION_LEVEL = 0;
				GCC_PREPROCESSOR_DEFINITIONS = (
					"DEBUG=1",
					"$(inherited)",
				);
				GCC_WARN_64_TO_32_BIT_CONVERSION = YES;
				GCC_WARN_ABOUT_RETURN_TYPE = YES_ERROR;
				GCC_WARN_UNDECLARED_SELECTOR = YES;
				GCC_WARN_UNINITIALIZED_AUTOS = YES_AGGRESSIVE;
				GCC_WARN_UNUSED_FUNCTION = YES;
				GCC_WARN_UNUSED_VARIABLE = YES;
				IPHONEOS_DEPLOYMENT_TARGET = 15.4;
				MTL_ENABLE_DEBUG_INFO = INCLUDE_SOURCE;
				MTL_FAST_MATH = YES;
				ONLY_ACTIVE_ARCH = YES;
				SDKROOT = iphoneos;
				SWIFT_ACTIVE_COMPILATION_CONDITIONS = DEBUG;
				SWIFT_OPTIMIZATION_LEVEL = "-Onone";
			};
			name = Debug;
		};
		767CAFFC28502D2C00522C12 /* Release */ = {
			isa = XCBuildConfiguration;
			buildSettings = {
				ALWAYS_SEARCH_USER_PATHS = NO;
				CLANG_ANALYZER_NONNULL = YES;
				CLANG_ANALYZER_NUMBER_OBJECT_CONVERSION = YES_AGGRESSIVE;
				CLANG_CXX_LANGUAGE_STANDARD = "gnu++17";
				CLANG_ENABLE_MODULES = YES;
				CLANG_ENABLE_OBJC_ARC = YES;
				CLANG_ENABLE_OBJC_WEAK = YES;
				CLANG_WARN_BLOCK_CAPTURE_AUTORELEASING = YES;
				CLANG_WARN_BOOL_CONVERSION = YES;
				CLANG_WARN_COMMA = YES;
				CLANG_WARN_CONSTANT_CONVERSION = YES;
				CLANG_WARN_DEPRECATED_OBJC_IMPLEMENTATIONS = YES;
				CLANG_WARN_DIRECT_OBJC_ISA_USAGE = YES_ERROR;
				CLANG_WARN_DOCUMENTATION_COMMENTS = YES;
				CLANG_WARN_EMPTY_BODY = YES;
				CLANG_WARN_ENUM_CONVERSION = YES;
				CLANG_WARN_INFINITE_RECURSION = YES;
				CLANG_WARN_INT_CONVERSION = YES;
				CLANG_WARN_NON_LITERAL_NULL_CONVERSION = YES;
				CLANG_WARN_OBJC_IMPLICIT_RETAIN_SELF = YES;
				CLANG_WARN_OBJC_LITERAL_CONVERSION = YES;
				CLANG_WARN_OBJC_ROOT_CLASS = YES_ERROR;
				CLANG_WARN_QUOTED_INCLUDE_IN_FRAMEWORK_HEADER = YES;
				CLANG_WARN_RANGE_LOOP_ANALYSIS = YES;
				CLANG_WARN_STRICT_PROTOTYPES = YES;
				CLANG_WARN_SUSPICIOUS_MOVE = YES;
				CLANG_WARN_UNGUARDED_AVAILABILITY = YES_AGGRESSIVE;
				CLANG_WARN_UNREACHABLE_CODE = YES;
				CLANG_WARN__DUPLICATE_METHOD_MATCH = YES;
				COPY_PHASE_STRIP = NO;
				DEBUG_INFORMATION_FORMAT = "dwarf-with-dsym";
				ENABLE_NS_ASSERTIONS = NO;
				ENABLE_STRICT_OBJC_MSGSEND = YES;
				GCC_C_LANGUAGE_STANDARD = gnu11;
				GCC_NO_COMMON_BLOCKS = YES;
				GCC_WARN_64_TO_32_BIT_CONVERSION = YES;
				GCC_WARN_ABOUT_RETURN_TYPE = YES_ERROR;
				GCC_WARN_UNDECLARED_SELECTOR = YES;
				GCC_WARN_UNINITIALIZED_AUTOS = YES_AGGRESSIVE;
				GCC_WARN_UNUSED_FUNCTION = YES;
				GCC_WARN_UNUSED_VARIABLE = YES;
				IPHONEOS_DEPLOYMENT_TARGET = 15.4;
				MTL_ENABLE_DEBUG_INFO = NO;
				MTL_FAST_MATH = YES;
				SDKROOT = iphoneos;
				SWIFT_COMPILATION_MODE = wholemodule;
				SWIFT_OPTIMIZATION_LEVEL = "-O";
				VALIDATE_PRODUCT = YES;
			};
			name = Release;
		};
		767CAFFE28502D2C00522C12 /* Debug */ = {
			isa = XCBuildConfiguration;
			buildSettings = {
				ASSETCATALOG_COMPILER_APPICON_NAME = AppIcon;
				ASSETCATALOG_COMPILER_GLOBAL_ACCENT_COLOR_NAME = AccentColor;
				CODE_SIGN_STYLE = Automatic;
				CURRENT_PROJECT_VERSION = 1;
				DEVELOPMENT_ASSET_PATHS = "\"ToGather/Preview Content\"";
				ENABLE_PREVIEWS = YES;
				GENERATE_INFOPLIST_FILE = YES;
				INFOPLIST_KEY_UIApplicationSceneManifest_Generation = YES;
				INFOPLIST_KEY_UIApplicationSupportsIndirectInputEvents = YES;
				INFOPLIST_KEY_UILaunchScreen_Generation = YES;
				INFOPLIST_KEY_UISupportedInterfaceOrientations_iPad = "UIInterfaceOrientationPortrait UIInterfaceOrientationPortraitUpsideDown UIInterfaceOrientationLandscapeLeft UIInterfaceOrientationLandscapeRight";
				INFOPLIST_KEY_UISupportedInterfaceOrientations_iPhone = "UIInterfaceOrientationPortrait UIInterfaceOrientationLandscapeLeft UIInterfaceOrientationLandscapeRight";
				LD_RUNPATH_SEARCH_PATHS = (
					"$(inherited)",
					"@executable_path/Frameworks",
				);
				MARKETING_VERSION = 1.0;
				PRODUCT_BUNDLE_IDENTIFIER = SevenStandards.ToGather;
				PRODUCT_NAME = "$(TARGET_NAME)";
				SWIFT_EMIT_LOC_STRINGS = YES;
				SWIFT_VERSION = 5.0;
				TARGETED_DEVICE_FAMILY = "1,2";
			};
			name = Debug;
		};
		767CAFFF28502D2C00522C12 /* Release */ = {
			isa = XCBuildConfiguration;
			buildSettings = {
				ASSETCATALOG_COMPILER_APPICON_NAME = AppIcon;
				ASSETCATALOG_COMPILER_GLOBAL_ACCENT_COLOR_NAME = AccentColor;
				CODE_SIGN_STYLE = Automatic;
				CURRENT_PROJECT_VERSION = 1;
				DEVELOPMENT_ASSET_PATHS = "\"ToGather/Preview Content\"";
				ENABLE_PREVIEWS = YES;
				GENERATE_INFOPLIST_FILE = YES;
				INFOPLIST_KEY_UIApplicationSceneManifest_Generation = YES;
				INFOPLIST_KEY_UIApplicationSupportsIndirectInputEvents = YES;
				INFOPLIST_KEY_UILaunchScreen_Generation = YES;
				INFOPLIST_KEY_UISupportedInterfaceOrientations_iPad = "UIInterfaceOrientationPortrait UIInterfaceOrientationPortraitUpsideDown UIInterfaceOrientationLandscapeLeft UIInterfaceOrientationLandscapeRight";
				INFOPLIST_KEY_UISupportedInterfaceOrientations_iPhone = "UIInterfaceOrientationPortrait UIInterfaceOrientationLandscapeLeft UIInterfaceOrientationLandscapeRight";
				LD_RUNPATH_SEARCH_PATHS = (
					"$(inherited)",
					"@executable_path/Frameworks",
				);
				MARKETING_VERSION = 1.0;
				PRODUCT_BUNDLE_IDENTIFIER = SevenStandards.ToGather;
				PRODUCT_NAME = "$(TARGET_NAME)";
				SWIFT_EMIT_LOC_STRINGS = YES;
				SWIFT_VERSION = 5.0;
				TARGETED_DEVICE_FAMILY = "1,2";
			};
			name = Release;
		};
/* End XCBuildConfiguration section */

/* Begin XCConfigurationList section */
		767CAFEA28502D2B00522C12 /* Build configuration list for PBXProject "ToGather" */ = {
			isa = XCConfigurationList;
			buildConfigurations = (
				767CAFFB28502D2C00522C12 /* Debug */,
				767CAFFC28502D2C00522C12 /* Release */,
			);
			defaultConfigurationIsVisible = 0;
			defaultConfigurationName = Release;
		};
		767CAFFD28502D2C00522C12 /* Build configuration list for PBXNativeTarget "ToGather" */ = {
			isa = XCConfigurationList;
			buildConfigurations = (
				767CAFFE28502D2C00522C12 /* Debug */,
				767CAFFF28502D2C00522C12 /* Release */,
			);
			defaultConfigurationIsVisible = 0;
			defaultConfigurationName = Release;
		};
/* End XCConfigurationList section */

/* Begin XCRemoteSwiftPackageReference section */
		3DFD3C7528504D1100DDB720 /* XCRemoteSwiftPackageReference "firebase-ios-sdk" */ = {
			isa = XCRemoteSwiftPackageReference;
			repositoryURL = "https://github.com/firebase/firebase-ios-sdk";
			requirement = {
				branch = master;
				kind = branch;
			};
		};
/* End XCRemoteSwiftPackageReference section */

/* Begin XCSwiftPackageProductDependency section */
		3DFD3C7628504D1100DDB720 /* FirebaseAuth */ = {
			isa = XCSwiftPackageProductDependency;
			package = 3DFD3C7528504D1100DDB720 /* XCRemoteSwiftPackageReference "firebase-ios-sdk" */;
			productName = FirebaseAuth;
		};
		3DFD3C7828504D1100DDB720 /* FirebaseFirestore */ = {
			isa = XCSwiftPackageProductDependency;
			package = 3DFD3C7528504D1100DDB720 /* XCRemoteSwiftPackageReference "firebase-ios-sdk" */;
			productName = FirebaseFirestore;
		};
/* End XCSwiftPackageProductDependency section */
	};
	rootObject = 767CAFE728502D2B00522C12 /* Project object */;
}
