// !$*UTF8*$!
{
	archiveVersion = 1;
	classes = {
	};
	objectVersion = 55;
	objects = {

/* Begin PBXBuildFile section */
		354ED94B2858471B001C726D /* NotificationsView.swift in Sources */ = {isa = PBXBuildFile; fileRef = 354ED94A2858471B001C726D /* NotificationsView.swift */; };
		354ED94D2858488C001C726D /* NotificaionCell.swift in Sources */ = {isa = PBXBuildFile; fileRef = 354ED94C2858488C001C726D /* NotificaionCell.swift */; };
		354ED94F285849E9001C726D /* Notification.swift in Sources */ = {isa = PBXBuildFile; fileRef = 354ED94E285849E9001C726D /* Notification.swift */; };
		354ED95128587BC8001C726D /* CustomProgressBar.swift in Sources */ = {isa = PBXBuildFile; fileRef = 354ED95028587BC8001C726D /* CustomProgressBar.swift */; };
		354ED9532859B561001C726D /* NotificationsViewModel.swift in Sources */ = {isa = PBXBuildFile; fileRef = 354ED9522859B561001C726D /* NotificationsViewModel.swift */; };
		354ED9552859D4DE001C726D /* Constants.swift in Sources */ = {isa = PBXBuildFile; fileRef = 354ED9542859D4DE001C726D /* Constants.swift */; };
		354ED957285A396B001C726D /* UserDefaults+Extension.swift in Sources */ = {isa = PBXBuildFile; fileRef = 354ED956285A396B001C726D /* UserDefaults+Extension.swift */; };
		35AD2D0B28519C520089E1C3 /* ThisWeek.swift in Sources */ = {isa = PBXBuildFile; fileRef = 35AD2D0728519C520089E1C3 /* ThisWeek.swift */; };
		35AD2D0C28519C520089E1C3 /* Saving.swift in Sources */ = {isa = PBXBuildFile; fileRef = 35AD2D0828519C520089E1C3 /* Saving.swift */; };
		35AD2D0D28519C520089E1C3 /* User.swift in Sources */ = {isa = PBXBuildFile; fileRef = 35AD2D0928519C520089E1C3 /* User.swift */; };
		35AD2D0E28519C520089E1C3 /* Product.swift in Sources */ = {isa = PBXBuildFile; fileRef = 35AD2D0A28519C520089E1C3 /* Product.swift */; };
		35AD2D1D2851D4730089E1C3 /* MainViewModel.swift in Sources */ = {isa = PBXBuildFile; fileRef = 35AD2D1A2851D4730089E1C3 /* MainViewModel.swift */; };
		35AD2D1E2851D4730089E1C3 /* MainView.swift in Sources */ = {isa = PBXBuildFile; fileRef = 35AD2D1C2851D4730089E1C3 /* MainView.swift */; };
		35AD2D222851E1FB0089E1C3 /* (null) in Sources */ = {isa = PBXBuildFile; };
		35AD2D2A2854F8550089E1C3 /* Color+Extension.swift in Sources */ = {isa = PBXBuildFile; fileRef = 35AD2D292854F8550089E1C3 /* Color+Extension.swift */; };
		35E7789B2856091C0015122A /* AddedCircleView.swift in Sources */ = {isa = PBXBuildFile; fileRef = 35E7789A2856091C0015122A /* AddedCircleView.swift */; };
		3D4134572852EC44009E7953 /* FirebaseFirestoreSwift in Frameworks */ = {isa = PBXBuildFile; productRef = 3D4134562852EC44009E7953 /* FirebaseFirestoreSwift */; };
		3D4383A828519BD100AD1885 /* GoogleService-Info.plist in Resources */ = {isa = PBXBuildFile; fileRef = 3D4383A728519BD100AD1885 /* GoogleService-Info.plist */; };
		3D4383AB28519DA700AD1885 /* FirebaseAuth in Frameworks */ = {isa = PBXBuildFile; productRef = 3D4383AA28519DA700AD1885 /* FirebaseAuth */; };
		3D4383AD28519DA700AD1885 /* FirebaseFirestore in Frameworks */ = {isa = PBXBuildFile; productRef = 3D4383AC28519DA700AD1885 /* FirebaseFirestore */; };
		3D48A6E1285774CD00FE6BE8 /* .swiftlint.yml in Resources */ = {isa = PBXBuildFile; fileRef = 3D48A6E0285774CD00FE6BE8 /* .swiftlint.yml */; };
		3D48A6E3285782E500FE6BE8 /* LastOnboardingViewModel.swift in Sources */ = {isa = PBXBuildFile; fileRef = 3D48A6E2285782E500FE6BE8 /* LastOnboardingViewModel.swift */; };
		3D87D9F62852046100C36346 /* FirebaseStorage in Frameworks */ = {isa = PBXBuildFile; productRef = 3D87D9F52852046100C36346 /* FirebaseStorage */; };
		3D87D9F928520B6100C36346 /* LastOnboardingView.swift in Sources */ = {isa = PBXBuildFile; fileRef = 3D87D9F828520B6100C36346 /* LastOnboardingView.swift */; };
		3D87D9FD285234E200C36346 /* OnboardingViewModel.swift in Sources */ = {isa = PBXBuildFile; fileRef = 3D87D9FC285234E200C36346 /* OnboardingViewModel.swift */; };
		3DC6AEF8285B165F004FA4DB /* SavingStatusView.swift in Sources */ = {isa = PBXBuildFile; fileRef = 3DC6AEF7285B165F004FA4DB /* SavingStatusView.swift */; };
		4377C1CA28597DD7007DF255 /* ItemData.swift in Sources */ = {isa = PBXBuildFile; fileRef = 4377C1C628597DD7007DF255 /* ItemData.swift */; };
		4377C1CB28597DD7007DF255 /* GoalSettingTitleView.swift in Sources */ = {isa = PBXBuildFile; fileRef = 4377C1C728597DD7007DF255 /* GoalSettingTitleView.swift */; };
		4377C1CC28597DD7007DF255 /* GoalItem.swift in Sources */ = {isa = PBXBuildFile; fileRef = 4377C1C828597DD7007DF255 /* GoalItem.swift */; };
		4377C1CD28597DD7007DF255 /* GoalSetting.swift in Sources */ = {isa = PBXBuildFile; fileRef = 4377C1C928597DD7007DF255 /* GoalSetting.swift */; };
		43C21ED72858D17F0022B49C /* (null) in Sources */ = {isa = PBXBuildFile; };
		764FC72D28518CC8007A7415 /* ToGatherApp.swift in Sources */ = {isa = PBXBuildFile; fileRef = 764FC72C28518CC8007A7415 /* ToGatherApp.swift */; };
		764FC72F28518CC8007A7415 /* ContentView.swift in Sources */ = {isa = PBXBuildFile; fileRef = 764FC72E28518CC8007A7415 /* ContentView.swift */; };
		764FC73128518CC9007A7415 /* Assets.xcassets in Resources */ = {isa = PBXBuildFile; fileRef = 764FC73028518CC9007A7415 /* Assets.xcassets */; };
		764FC73428518CC9007A7415 /* Preview Assets.xcassets in Resources */ = {isa = PBXBuildFile; fileRef = 764FC73328518CC9007A7415 /* Preview Assets.xcassets */; };
		764FC74828518E07007A7415 /* ColorAsset.swift in Sources */ = {isa = PBXBuildFile; fileRef = 764FC74728518E07007A7415 /* ColorAsset.swift */; };
		764FC79328544F17007A7415 /* Introspect in Frameworks */ = {isa = PBXBuildFile; productRef = 764FC79228544F17007A7415 /* Introspect */; };
		7669F5F52855A33F001DDA0D /* PinStackView.swift in Sources */ = {isa = PBXBuildFile; fileRef = 7669F5F02855A33F001DDA0D /* PinStackView.swift */; };
		7669F5F62855A33F001DDA0D /* FriendAdditionView.swift in Sources */ = {isa = PBXBuildFile; fileRef = 7669F5F12855A33F001DDA0D /* FriendAdditionView.swift */; };
		7669F5F72855A33F001DDA0D /* ApplyFriendIdTextView.swift in Sources */ = {isa = PBXBuildFile; fileRef = 7669F5F22855A33F001DDA0D /* ApplyFriendIdTextView.swift */; };
		7669F5F82855A33F001DDA0D /* TitleView.swift in Sources */ = {isa = PBXBuildFile; fileRef = 7669F5F32855A33F001DDA0D /* TitleView.swift */; };
		7669F5F92855A33F001DDA0D /* AlreadyAddedFriendView.swift in Sources */ = {isa = PBXBuildFile; fileRef = 7669F5F42855A33F001DDA0D /* AlreadyAddedFriendView.swift */; };
		7669F5FC2855A46C001DDA0D /* FirebaseAuth in Frameworks */ = {isa = PBXBuildFile; productRef = 7669F5FB2855A46C001DDA0D /* FirebaseAuth */; };
		7669F5FE2855A46C001DDA0D /* FirebaseFirestore in Frameworks */ = {isa = PBXBuildFile; productRef = 7669F5FD2855A46C001DDA0D /* FirebaseFirestore */; };
		7669F6002855A46C001DDA0D /* FirebaseStorage in Frameworks */ = {isa = PBXBuildFile; productRef = 7669F5FF2855A46C001DDA0D /* FirebaseStorage */; };
		7669F6032855A7CD001DDA0D /* (null) in Sources */ = {isa = PBXBuildFile; };
		76A0389F285A1462009C9A02 /* TestLogic.swift in Sources */ = {isa = PBXBuildFile; fileRef = 76A0389E285A1462009C9A02 /* TestLogic.swift */; };
		E20551892851E80F00C210DA /* ProgressCircle.swift in Sources */ = {isa = PBXBuildFile; fileRef = E20551882851E80F00C210DA /* ProgressCircle.swift */; };
		E205519528557E6D00C210DA /* MyProgressCircle.swift in Sources */ = {isa = PBXBuildFile; fileRef = E205519428557E6D00C210DA /* MyProgressCircle.swift */; };
		E205519728557EEB00C210DA /* DummyData.swift in Sources */ = {isa = PBXBuildFile; fileRef = E205519628557EEB00C210DA /* DummyData.swift */; };
		E20551992855812B00C210DA /* FriendsProgressCircle.swift in Sources */ = {isa = PBXBuildFile; fileRef = E20551982855812B00C210DA /* FriendsProgressCircle.swift */; };
		E205519B2855AA4200C210DA /* RGBColorInProgressCircle.swift in Sources */ = {isa = PBXBuildFile; fileRef = E205519A2855AA4200C210DA /* RGBColorInProgressCircle.swift */; };
		E20551AC2856C3CA00C210DA /* SettingPeriod.swift in Sources */ = {isa = PBXBuildFile; fileRef = E20551AB2856C3CA00C210DA /* SettingPeriod.swift */; };
		E2239AFB28596E6500839197 /* TimeLogic.swift in Sources */ = {isa = PBXBuildFile; fileRef = E2239AFA28596E6400839197 /* TimeLogic.swift */; };
/* End PBXBuildFile section */

/* Begin PBXFileReference section */
		354ED94A2858471B001C726D /* NotificationsView.swift */ = {isa = PBXFileReference; lastKnownFileType = sourcecode.swift; path = NotificationsView.swift; sourceTree = "<group>"; };
		354ED94C2858488C001C726D /* NotificaionCell.swift */ = {isa = PBXFileReference; lastKnownFileType = sourcecode.swift; path = NotificaionCell.swift; sourceTree = "<group>"; };
		354ED94E285849E9001C726D /* Notification.swift */ = {isa = PBXFileReference; lastKnownFileType = sourcecode.swift; path = Notification.swift; sourceTree = "<group>"; };
		354ED95028587BC8001C726D /* CustomProgressBar.swift */ = {isa = PBXFileReference; lastKnownFileType = sourcecode.swift; path = CustomProgressBar.swift; sourceTree = "<group>"; };
		354ED9522859B561001C726D /* NotificationsViewModel.swift */ = {isa = PBXFileReference; lastKnownFileType = sourcecode.swift; path = NotificationsViewModel.swift; sourceTree = "<group>"; };
		354ED9542859D4DE001C726D /* Constants.swift */ = {isa = PBXFileReference; lastKnownFileType = sourcecode.swift; path = Constants.swift; sourceTree = "<group>"; };
		354ED956285A396B001C726D /* UserDefaults+Extension.swift */ = {isa = PBXFileReference; lastKnownFileType = sourcecode.swift; path = "UserDefaults+Extension.swift"; sourceTree = "<group>"; };
		35AD2D0728519C520089E1C3 /* ThisWeek.swift */ = {isa = PBXFileReference; fileEncoding = 4; lastKnownFileType = sourcecode.swift; path = ThisWeek.swift; sourceTree = "<group>"; };
		35AD2D0828519C520089E1C3 /* Saving.swift */ = {isa = PBXFileReference; fileEncoding = 4; lastKnownFileType = sourcecode.swift; path = Saving.swift; sourceTree = "<group>"; };
		35AD2D0928519C520089E1C3 /* User.swift */ = {isa = PBXFileReference; fileEncoding = 4; lastKnownFileType = sourcecode.swift; path = User.swift; sourceTree = "<group>"; };
		35AD2D0A28519C520089E1C3 /* Product.swift */ = {isa = PBXFileReference; fileEncoding = 4; lastKnownFileType = sourcecode.swift; path = Product.swift; sourceTree = "<group>"; };
		35AD2D1A2851D4730089E1C3 /* MainViewModel.swift */ = {isa = PBXFileReference; fileEncoding = 4; lastKnownFileType = sourcecode.swift; path = MainViewModel.swift; sourceTree = "<group>"; };
		35AD2D1C2851D4730089E1C3 /* MainView.swift */ = {isa = PBXFileReference; fileEncoding = 4; lastKnownFileType = sourcecode.swift; path = MainView.swift; sourceTree = "<group>"; };
		35AD2D292854F8550089E1C3 /* Color+Extension.swift */ = {isa = PBXFileReference; fileEncoding = 4; lastKnownFileType = sourcecode.swift; path = "Color+Extension.swift"; sourceTree = "<group>"; };
		35E7789A2856091C0015122A /* AddedCircleView.swift */ = {isa = PBXFileReference; lastKnownFileType = sourcecode.swift; path = AddedCircleView.swift; sourceTree = "<group>"; };
		3D4383A728519BD100AD1885 /* GoogleService-Info.plist */ = {isa = PBXFileReference; fileEncoding = 4; lastKnownFileType = text.plist.xml; path = "GoogleService-Info.plist"; sourceTree = "<group>"; };
		3D48A6E0285774CD00FE6BE8 /* .swiftlint.yml */ = {isa = PBXFileReference; lastKnownFileType = text.yaml; path = .swiftlint.yml; sourceTree = "<group>"; };
		3D48A6E2285782E500FE6BE8 /* LastOnboardingViewModel.swift */ = {isa = PBXFileReference; lastKnownFileType = sourcecode.swift; path = LastOnboardingViewModel.swift; sourceTree = "<group>"; };
		3D87D9F828520B6100C36346 /* LastOnboardingView.swift */ = {isa = PBXFileReference; lastKnownFileType = sourcecode.swift; path = LastOnboardingView.swift; sourceTree = "<group>"; };
		3D87D9FC285234E200C36346 /* OnboardingViewModel.swift */ = {isa = PBXFileReference; lastKnownFileType = sourcecode.swift; path = OnboardingViewModel.swift; sourceTree = "<group>"; };
		3DC6AEF7285B165F004FA4DB /* SavingStatusView.swift */ = {isa = PBXFileReference; fileEncoding = 4; lastKnownFileType = sourcecode.swift; path = SavingStatusView.swift; sourceTree = "<group>"; };
		4377C1C628597DD7007DF255 /* ItemData.swift */ = {isa = PBXFileReference; fileEncoding = 4; lastKnownFileType = sourcecode.swift; path = ItemData.swift; sourceTree = "<group>"; };
		4377C1C728597DD7007DF255 /* GoalSettingTitleView.swift */ = {isa = PBXFileReference; fileEncoding = 4; lastKnownFileType = sourcecode.swift; path = GoalSettingTitleView.swift; sourceTree = "<group>"; };
		4377C1C828597DD7007DF255 /* GoalItem.swift */ = {isa = PBXFileReference; fileEncoding = 4; lastKnownFileType = sourcecode.swift; path = GoalItem.swift; sourceTree = "<group>"; };
		4377C1C928597DD7007DF255 /* GoalSetting.swift */ = {isa = PBXFileReference; fileEncoding = 4; lastKnownFileType = sourcecode.swift; path = GoalSetting.swift; sourceTree = "<group>"; };
		764FC72928518CC8007A7415 /* ToGather.app */ = {isa = PBXFileReference; explicitFileType = wrapper.application; includeInIndex = 0; path = ToGather.app; sourceTree = BUILT_PRODUCTS_DIR; };
		764FC72C28518CC8007A7415 /* ToGatherApp.swift */ = {isa = PBXFileReference; lastKnownFileType = sourcecode.swift; path = ToGatherApp.swift; sourceTree = "<group>"; };
		764FC72E28518CC8007A7415 /* ContentView.swift */ = {isa = PBXFileReference; lastKnownFileType = sourcecode.swift; path = ContentView.swift; sourceTree = "<group>"; };
		764FC73028518CC9007A7415 /* Assets.xcassets */ = {isa = PBXFileReference; lastKnownFileType = folder.assetcatalog; path = Assets.xcassets; sourceTree = "<group>"; };
		764FC73328518CC9007A7415 /* Preview Assets.xcassets */ = {isa = PBXFileReference; lastKnownFileType = folder.assetcatalog; path = "Preview Assets.xcassets"; sourceTree = "<group>"; };
		764FC74728518E07007A7415 /* ColorAsset.swift */ = {isa = PBXFileReference; lastKnownFileType = sourcecode.swift; path = ColorAsset.swift; sourceTree = "<group>"; };
		7669F5F02855A33F001DDA0D /* PinStackView.swift */ = {isa = PBXFileReference; fileEncoding = 4; lastKnownFileType = sourcecode.swift; path = PinStackView.swift; sourceTree = "<group>"; };
		7669F5F12855A33F001DDA0D /* FriendAdditionView.swift */ = {isa = PBXFileReference; fileEncoding = 4; lastKnownFileType = sourcecode.swift; path = FriendAdditionView.swift; sourceTree = "<group>"; };
		7669F5F22855A33F001DDA0D /* ApplyFriendIdTextView.swift */ = {isa = PBXFileReference; fileEncoding = 4; lastKnownFileType = sourcecode.swift; path = ApplyFriendIdTextView.swift; sourceTree = "<group>"; };
		7669F5F32855A33F001DDA0D /* TitleView.swift */ = {isa = PBXFileReference; fileEncoding = 4; lastKnownFileType = sourcecode.swift; path = TitleView.swift; sourceTree = "<group>"; };
		7669F5F42855A33F001DDA0D /* AlreadyAddedFriendView.swift */ = {isa = PBXFileReference; fileEncoding = 4; lastKnownFileType = sourcecode.swift; path = AlreadyAddedFriendView.swift; sourceTree = "<group>"; };
		76A0389E285A1462009C9A02 /* TestLogic.swift */ = {isa = PBXFileReference; fileEncoding = 4; lastKnownFileType = sourcecode.swift; path = TestLogic.swift; sourceTree = "<group>"; };
		E20551882851E80F00C210DA /* ProgressCircle.swift */ = {isa = PBXFileReference; lastKnownFileType = sourcecode.swift; path = ProgressCircle.swift; sourceTree = "<group>"; };
		E205519428557E6D00C210DA /* MyProgressCircle.swift */ = {isa = PBXFileReference; lastKnownFileType = sourcecode.swift; path = MyProgressCircle.swift; sourceTree = "<group>"; };
		E205519628557EEB00C210DA /* DummyData.swift */ = {isa = PBXFileReference; lastKnownFileType = sourcecode.swift; path = DummyData.swift; sourceTree = "<group>"; };
		E20551982855812B00C210DA /* FriendsProgressCircle.swift */ = {isa = PBXFileReference; lastKnownFileType = sourcecode.swift; path = FriendsProgressCircle.swift; sourceTree = "<group>"; };
		E205519A2855AA4200C210DA /* RGBColorInProgressCircle.swift */ = {isa = PBXFileReference; lastKnownFileType = sourcecode.swift; path = RGBColorInProgressCircle.swift; sourceTree = "<group>"; };
		E20551AB2856C3CA00C210DA /* SettingPeriod.swift */ = {isa = PBXFileReference; lastKnownFileType = sourcecode.swift; path = SettingPeriod.swift; sourceTree = "<group>"; };
		E2239AFA28596E6400839197 /* TimeLogic.swift */ = {isa = PBXFileReference; lastKnownFileType = sourcecode.swift; path = TimeLogic.swift; sourceTree = "<group>"; };
/* End PBXFileReference section */

/* Begin PBXFrameworksBuildPhase section */
		764FC72628518CC8007A7415 /* Frameworks */ = {
			isa = PBXFrameworksBuildPhase;
			buildActionMask = 2147483647;
			files = (
				3D4383AB28519DA700AD1885 /* FirebaseAuth in Frameworks */,
				7669F5FC2855A46C001DDA0D /* FirebaseAuth in Frameworks */,
				764FC79328544F17007A7415 /* Introspect in Frameworks */,
				3D4383AD28519DA700AD1885 /* FirebaseFirestore in Frameworks */,
				7669F6002855A46C001DDA0D /* FirebaseStorage in Frameworks */,
				3D87D9F62852046100C36346 /* FirebaseStorage in Frameworks */,
				7669F5FE2855A46C001DDA0D /* FirebaseFirestore in Frameworks */,
				3D4134572852EC44009E7953 /* FirebaseFirestoreSwift in Frameworks */,
			);
			runOnlyForDeploymentPostprocessing = 0;
		};
/* End PBXFrameworksBuildPhase section */

/* Begin PBXGroup section */
		354ED947285846E6001C726D /* Notifications */ = {
			isa = PBXGroup;
			children = (
				354ED94828584700001C726D /* ViewModel */,
				354ED94928584709001C726D /* View */,
			);
			path = Notifications;
			sourceTree = "<group>";
		};
		354ED94828584700001C726D /* ViewModel */ = {
			isa = PBXGroup;
			children = (
				354ED9522859B561001C726D /* NotificationsViewModel.swift */,
			);
			path = ViewModel;
			sourceTree = "<group>";
		};
		354ED94928584709001C726D /* View */ = {
			isa = PBXGroup;
			children = (
				354ED94A2858471B001C726D /* NotificationsView.swift */,
				354ED94C2858488C001C726D /* NotificaionCell.swift */,
			);
			path = View;
			sourceTree = "<group>";
		};
		35AD2D182851D4730089E1C3 /* Main */ = {
			isa = PBXGroup;
			children = (
				35AD2D192851D4730089E1C3 /* ViewModel */,
				35AD2D1B2851D4730089E1C3 /* View */,
			);
			path = Main;
			sourceTree = "<group>";
		};
		35AD2D192851D4730089E1C3 /* ViewModel */ = {
			isa = PBXGroup;
			children = (
				35AD2D1A2851D4730089E1C3 /* MainViewModel.swift */,
			);
			path = ViewModel;
			sourceTree = "<group>";
		};
		35AD2D1B2851D4730089E1C3 /* View */ = {
			isa = PBXGroup;
			children = (
				35AD2D1C2851D4730089E1C3 /* MainView.swift */,
			);
			path = View;
			sourceTree = "<group>";
		};
		3D87D9F728520B2700C36346 /* LastOnboarding */ = {
			isa = PBXGroup;
			children = (
				3D87D9FB285234C200C36346 /* ViewModel */,
				3D87D9FA285234BB00C36346 /* View */,
			);
			path = LastOnboarding;
			sourceTree = "<group>";
		};
		3D87D9FA285234BB00C36346 /* View */ = {
			isa = PBXGroup;
			children = (
				3D87D9F828520B6100C36346 /* LastOnboardingView.swift */,
			);
			path = View;
			sourceTree = "<group>";
		};
		3D87D9FB285234C200C36346 /* ViewModel */ = {
			isa = PBXGroup;
			children = (
				3D48A6E2285782E500FE6BE8 /* LastOnboardingViewModel.swift */,
			);
			path = ViewModel;
			sourceTree = "<group>";
		};
		3DC6AEF5285B165E004FA4DB /* SavingStatus */ = {
			isa = PBXGroup;
			children = (
				3DC6AEF6285B165F004FA4DB /* View */,
			);
			path = SavingStatus;
			sourceTree = "<group>";
		};
		3DC6AEF6285B165F004FA4DB /* View */ = {
			isa = PBXGroup;
			children = (
				3DC6AEF7285B165F004FA4DB /* SavingStatusView.swift */,
			);
			path = View;
			sourceTree = "<group>";
		};
		4377C1C428597DD7007DF255 /* GoalSetting */ = {
			isa = PBXGroup;
			children = (
				4377C1C528597DD7007DF255 /* View */,
			);
			path = GoalSetting;
			sourceTree = "<group>";
		};
		4377C1C528597DD7007DF255 /* View */ = {
			isa = PBXGroup;
			children = (
				4377C1C728597DD7007DF255 /* GoalSettingTitleView.swift */,
				4377C1C828597DD7007DF255 /* GoalItem.swift */,
				4377C1C928597DD7007DF255 /* GoalSetting.swift */,
			);
			path = View;
			sourceTree = "<group>";
		};
		764FC72028518CC8007A7415 = {
			isa = PBXGroup;
			children = (
				3D48A6E0285774CD00FE6BE8 /* .swiftlint.yml */,
				764FC72B28518CC8007A7415 /* ToGather */,
				764FC72A28518CC8007A7415 /* Products */,
			);
			sourceTree = "<group>";
		};
		764FC72A28518CC8007A7415 /* Products */ = {
			isa = PBXGroup;
			children = (
				764FC72928518CC8007A7415 /* ToGather.app */,
			);
			name = Products;
			sourceTree = "<group>";
		};
		764FC72B28518CC8007A7415 /* ToGather */ = {
			isa = PBXGroup;
			children = (
				3D4383A728519BD100AD1885 /* GoogleService-Info.plist */,
				764FC73E28518DD5007A7415 /* Global */,
				764FC73D28518DCE007A7415 /* Screens */,
				764FC73A28518D82007A7415 /* Models */,
				764FC73228518CC9007A7415 /* Preview Content */,
			);
			path = ToGather;
			sourceTree = "<group>";
		};
		764FC73228518CC9007A7415 /* Preview Content */ = {
			isa = PBXGroup;
			children = (
				764FC73328518CC9007A7415 /* Preview Assets.xcassets */,
			);
			path = "Preview Content";
			sourceTree = "<group>";
		};
		764FC73A28518D82007A7415 /* Models */ = {
			isa = PBXGroup;
			children = (
				4377C1C628597DD7007DF255 /* ItemData.swift */,
				35AD2D0A28519C520089E1C3 /* Product.swift */,
				35AD2D0828519C520089E1C3 /* Saving.swift */,
				35AD2D0728519C520089E1C3 /* ThisWeek.swift */,
				35AD2D0928519C520089E1C3 /* User.swift */,
				354ED94E285849E9001C726D /* Notification.swift */,
			);
			path = Models;
			sourceTree = "<group>";
		};
		764FC73D28518DCE007A7415 /* Screens */ = {
			isa = PBXGroup;
			children = (
				3DC6AEF5285B165E004FA4DB /* SavingStatus */,
				3D87D9F728520B2700C36346 /* LastOnboarding */,
				4377C1C428597DD7007DF255 /* GoalSetting */,
				354ED947285846E6001C726D /* Notifications */,
				7669F5EE2855A2ED001DDA0D /* FriendAddition */,
				E20551AA2856C3AF00C210DA /* SettingPeriod */,
				E205519328557E4500C210DA /* ProgressCircle */,
				35AD2D182851D4730089E1C3 /* Main */,
				764FC72C28518CC8007A7415 /* ToGatherApp.swift */,
				764FC72E28518CC8007A7415 /* ContentView.swift */,
			);
			path = Screens;
			sourceTree = "<group>";
		};
		764FC73E28518DD5007A7415 /* Global */ = {
			isa = PBXGroup;
			children = (
				764FC74428518DFB007A7415 /* Service */,
				764FC74328518DF7007A7415 /* Literal */,
				764FC74228518DF2007A7415 /* Extension */,
				764FC74128518DEC007A7415 /* UIComponent */,
				764FC73F28518DE0007A7415 /* Resources */,
			);
			path = Global;
			sourceTree = "<group>";
		};
		764FC73F28518DE0007A7415 /* Resources */ = {
			isa = PBXGroup;
			children = (
				764FC73028518CC9007A7415 /* Assets.xcassets */,
			);
			path = Resources;
			sourceTree = "<group>";
		};
		764FC74128518DEC007A7415 /* UIComponent */ = {
			isa = PBXGroup;
			children = (
				354ED95028587BC8001C726D /* CustomProgressBar.swift */,
			);
			path = UIComponent;
			sourceTree = "<group>";
		};
		764FC74228518DF2007A7415 /* Extension */ = {
			isa = PBXGroup;
			children = (
				35AD2D292854F8550089E1C3 /* Color+Extension.swift */,
				354ED956285A396B001C726D /* UserDefaults+Extension.swift */,
			);
			path = Extension;
			sourceTree = "<group>";
		};
		764FC74328518DF7007A7415 /* Literal */ = {
			isa = PBXGroup;
			children = (
				764FC74728518E07007A7415 /* ColorAsset.swift */,
				354ED9542859D4DE001C726D /* Constants.swift */,
			);
			path = Literal;
			sourceTree = "<group>";
		};
		764FC74428518DFB007A7415 /* Service */ = {
			isa = PBXGroup;
			children = (
				E2239AFA28596E6400839197 /* TimeLogic.swift */,
				3D87D9FC285234E200C36346 /* OnboardingViewModel.swift */,
			);
			path = Service;
			sourceTree = "<group>";
		};
		7669F5EE2855A2ED001DDA0D /* FriendAddition */ = {
			isa = PBXGroup;
			children = (
				76A0389D285A1462009C9A02 /* ViewModel */,
				7669F5EF2855A310001DDA0D /* View */,
			);
			path = FriendAddition;
			sourceTree = "<group>";
		};
		7669F5EF2855A310001DDA0D /* View */ = {
			isa = PBXGroup;
			children = (
				7669F5F12855A33F001DDA0D /* FriendAdditionView.swift */,
				7669F5F42855A33F001DDA0D /* AlreadyAddedFriendView.swift */,
				7669F5F02855A33F001DDA0D /* PinStackView.swift */,
				7669F5F22855A33F001DDA0D /* ApplyFriendIdTextView.swift */,
				7669F5F32855A33F001DDA0D /* TitleView.swift */,
			);
			path = View;
			sourceTree = "<group>";
		};
		76A0389D285A1462009C9A02 /* ViewModel */ = {
			isa = PBXGroup;
			children = (
				76A0389E285A1462009C9A02 /* TestLogic.swift */,
			);
			path = ViewModel;
			sourceTree = "<group>";
		};
		E205519328557E4500C210DA /* ProgressCircle */ = {
			isa = PBXGroup;
			children = (
				E20551882851E80F00C210DA /* ProgressCircle.swift */,
				E205519428557E6D00C210DA /* MyProgressCircle.swift */,
				E205519628557EEB00C210DA /* DummyData.swift */,
				E20551982855812B00C210DA /* FriendsProgressCircle.swift */,
				E205519A2855AA4200C210DA /* RGBColorInProgressCircle.swift */,
				35E7789A2856091C0015122A /* AddedCircleView.swift */,
			);
			path = ProgressCircle;
			sourceTree = "<group>";
		};
		E20551AA2856C3AF00C210DA /* SettingPeriod */ = {
			isa = PBXGroup;
			children = (
				E20551AB2856C3CA00C210DA /* SettingPeriod.swift */,
			);
			path = SettingPeriod;
			sourceTree = "<group>";
		};
/* End PBXGroup section */

/* Begin PBXNativeTarget section */
		764FC72828518CC8007A7415 /* ToGather */ = {
			isa = PBXNativeTarget;
			buildConfigurationList = 764FC73728518CC9007A7415 /* Build configuration list for PBXNativeTarget "ToGather" */;
			buildPhases = (
				764FC72528518CC8007A7415 /* Sources */,
				764FC72628518CC8007A7415 /* Frameworks */,
				764FC72728518CC8007A7415 /* Resources */,
				764FC75128518E77007A7415 /* ShellScript */,
			);
			buildRules = (
			);
			dependencies = (
			);
			name = ToGather;
			packageProductDependencies = (
				3D4383AA28519DA700AD1885 /* FirebaseAuth */,
				3D4383AC28519DA700AD1885 /* FirebaseFirestore */,
				3D87D9F52852046100C36346 /* FirebaseStorage */,
				3D4134562852EC44009E7953 /* FirebaseFirestoreSwift */,
				764FC79228544F17007A7415 /* Introspect */,
				7669F5FB2855A46C001DDA0D /* FirebaseAuth */,
				7669F5FD2855A46C001DDA0D /* FirebaseFirestore */,
				7669F5FF2855A46C001DDA0D /* FirebaseStorage */,
			);
			productName = ToGather;
			productReference = 764FC72928518CC8007A7415 /* ToGather.app */;
			productType = "com.apple.product-type.application";
		};
/* End PBXNativeTarget section */

/* Begin PBXProject section */
		764FC72128518CC8007A7415 /* Project object */ = {
			isa = PBXProject;
			attributes = {
				BuildIndependentTargetsInParallel = 1;
				LastSwiftUpdateCheck = 1330;
				LastUpgradeCheck = 1330;
				TargetAttributes = {
					764FC72828518CC8007A7415 = {
						CreatedOnToolsVersion = 13.3.1;
					};
				};
			};
			buildConfigurationList = 764FC72428518CC8007A7415 /* Build configuration list for PBXProject "ToGather" */;
			compatibilityVersion = "Xcode 13.0";
			developmentRegion = en;
			hasScannedForEncodings = 0;
			knownRegions = (
				en,
				Base,
			);
			mainGroup = 764FC72028518CC8007A7415;
			packageReferences = (
				3D4383A928519DA700AD1885 /* XCRemoteSwiftPackageReference "firebase-ios-sdk" */,
				764FC79128544F17007A7415 /* XCRemoteSwiftPackageReference "SwiftUI-Introspect" */,
			);
			productRefGroup = 764FC72A28518CC8007A7415 /* Products */;
			projectDirPath = "";
			projectRoot = "";
			targets = (
				764FC72828518CC8007A7415 /* ToGather */,
			);
		};
/* End PBXProject section */

/* Begin PBXResourcesBuildPhase section */
		764FC72728518CC8007A7415 /* Resources */ = {
			isa = PBXResourcesBuildPhase;
			buildActionMask = 2147483647;
			files = (
				3D48A6E1285774CD00FE6BE8 /* .swiftlint.yml in Resources */,
				764FC73428518CC9007A7415 /* Preview Assets.xcassets in Resources */,
				764FC73128518CC9007A7415 /* Assets.xcassets in Resources */,
				3D4383A828519BD100AD1885 /* GoogleService-Info.plist in Resources */,
			);
			runOnlyForDeploymentPostprocessing = 0;
		};
/* End PBXResourcesBuildPhase section */

/* Begin PBXShellScriptBuildPhase section */
		764FC75128518E77007A7415 /* ShellScript */ = {
			isa = PBXShellScriptBuildPhase;
			buildActionMask = 2147483647;
			files = (
			);
			inputFileListPaths = (
			);
			inputPaths = (
			);
			outputFileListPaths = (
			);
			outputPaths = (
			);
			runOnlyForDeploymentPostprocessing = 0;
			shellPath = /bin/sh;
			shellScript = "export PATH=\"$PATH:/opt/homebrew/bin\"\nif which swiftlint > /dev/null; then\n  swiftlint\nelse\n  echo \"warning: SwiftLint not installed, download from https://github.com/realm/SwiftLint\"\nfi\n";
		};
/* End PBXShellScriptBuildPhase section */

/* Begin PBXSourcesBuildPhase section */
		764FC72528518CC8007A7415 /* Sources */ = {
			isa = PBXSourcesBuildPhase;
			buildActionMask = 2147483647;
			files = (
				3D87D9FD285234E200C36346 /* OnboardingViewModel.swift in Sources */,
				354ED9532859B561001C726D /* NotificationsViewModel.swift in Sources */,
				E205519B2855AA4200C210DA /* RGBColorInProgressCircle.swift in Sources */,
				35AD2D222851E1FB0089E1C3 /* (null) in Sources */,
				35AD2D222851E1FB0089E1C3 /* (null) in Sources */,
				35AD2D1E2851D4730089E1C3 /* MainView.swift in Sources */,
				35AD2D1E2851D4730089E1C3 /* MainView.swift in Sources */,
				354ED95128587BC8001C726D /* CustomProgressBar.swift in Sources */,
				35AD2D2A2854F8550089E1C3 /* Color+Extension.swift in Sources */,
				35AD2D0B28519C520089E1C3 /* ThisWeek.swift in Sources */,
				4377C1CA28597DD7007DF255 /* ItemData.swift in Sources */,
				E2239AFB28596E6500839197 /* TimeLogic.swift in Sources */,
				764FC72F28518CC8007A7415 /* ContentView.swift in Sources */,
				35AD2D0E28519C520089E1C3 /* Product.swift in Sources */,
				4377C1CC28597DD7007DF255 /* GoalItem.swift in Sources */,
				43C21ED72858D17F0022B49C /* (null) in Sources */,
				E20551992855812B00C210DA /* FriendsProgressCircle.swift in Sources */,
				35AD2D0C28519C520089E1C3 /* Saving.swift in Sources */,
				3D48A6E3285782E500FE6BE8 /* LastOnboardingViewModel.swift in Sources */,
				3D87D9F928520B6100C36346 /* LastOnboardingView.swift in Sources */,
				7669F5F52855A33F001DDA0D /* PinStackView.swift in Sources */,
				7669F6032855A7CD001DDA0D /* (null) in Sources */,
				E20551892851E80F00C210DA /* ProgressCircle.swift in Sources */,
				764FC72D28518CC8007A7415 /* ToGatherApp.swift in Sources */,
				354ED9552859D4DE001C726D /* Constants.swift in Sources */,
				764FC74828518E07007A7415 /* ColorAsset.swift in Sources */,
				3DC6AEF8285B165F004FA4DB /* SavingStatusView.swift in Sources */,
				4377C1CB28597DD7007DF255 /* GoalSettingTitleView.swift in Sources */,
				354ED94B2858471B001C726D /* NotificationsView.swift in Sources */,
				4377C1CD28597DD7007DF255 /* GoalSetting.swift in Sources */,
				E205519728557EEB00C210DA /* DummyData.swift in Sources */,
				764FC74828518E07007A7415 /* ColorAsset.swift in Sources */,
				7669F5F62855A33F001DDA0D /* FriendAdditionView.swift in Sources */,
				354ED957285A396B001C726D /* UserDefaults+Extension.swift in Sources */,
				35AD2D0D28519C520089E1C3 /* User.swift in Sources */,
				7669F5F82855A33F001DDA0D /* TitleView.swift in Sources */,
				7669F5F92855A33F001DDA0D /* AlreadyAddedFriendView.swift in Sources */,
				7669F5F72855A33F001DDA0D /* ApplyFriendIdTextView.swift in Sources */,
				76A0389F285A1462009C9A02 /* TestLogic.swift in Sources */,
				7669F5F72855A33F001DDA0D /* ApplyFriendIdTextView.swift in Sources */,
				E205519528557E6D00C210DA /* MyProgressCircle.swift in Sources */,
				354ED94F285849E9001C726D /* Notification.swift in Sources */,
				764FC74828518E07007A7415 /* ColorAsset.swift in Sources */,
				35AD2D0D28519C520089E1C3 /* User.swift in Sources */,
				354ED94D2858488C001C726D /* NotificaionCell.swift in Sources */,
				35AD2D1D2851D4730089E1C3 /* MainViewModel.swift in Sources */,
				35E7789B2856091C0015122A /* AddedCircleView.swift in Sources */,
				35E7789B2856091C0015122A /* AddedCircleView.swift in Sources */,
			);
			runOnlyForDeploymentPostprocessing = 0;
		};
/* End PBXSourcesBuildPhase section */

/* Begin XCBuildConfiguration section */
		764FC73528518CC9007A7415 /* Debug */ = {
			isa = XCBuildConfiguration;
			buildSettings = {
				ALWAYS_SEARCH_USER_PATHS = NO;
				CLANG_ANALYZER_NONNULL = YES;
				CLANG_ANALYZER_NUMBER_OBJECT_CONVERSION = YES_AGGRESSIVE;
				CLANG_CXX_LANGUAGE_STANDARD = "gnu++17";
				CLANG_ENABLE_MODULES = YES;
				CLANG_ENABLE_OBJC_ARC = YES;
				CLANG_ENABLE_OBJC_WEAK = YES;
				CLANG_WARN_BLOCK_CAPTURE_AUTORELEASING = YES;
				CLANG_WARN_BOOL_CONVERSION = YES;
				CLANG_WARN_COMMA = YES;
				CLANG_WARN_CONSTANT_CONVERSION = YES;
				CLANG_WARN_DEPRECATED_OBJC_IMPLEMENTATIONS = YES;
				CLANG_WARN_DIRECT_OBJC_ISA_USAGE = YES_ERROR;
				CLANG_WARN_DOCUMENTATION_COMMENTS = YES;
				CLANG_WARN_EMPTY_BODY = YES;
				CLANG_WARN_ENUM_CONVERSION = YES;
				CLANG_WARN_INFINITE_RECURSION = YES;
				CLANG_WARN_INT_CONVERSION = YES;
				CLANG_WARN_NON_LITERAL_NULL_CONVERSION = YES;
				CLANG_WARN_OBJC_IMPLICIT_RETAIN_SELF = YES;
				CLANG_WARN_OBJC_LITERAL_CONVERSION = YES;
				CLANG_WARN_OBJC_ROOT_CLASS = YES_ERROR;
				CLANG_WARN_QUOTED_INCLUDE_IN_FRAMEWORK_HEADER = YES;
				CLANG_WARN_RANGE_LOOP_ANALYSIS = YES;
				CLANG_WARN_STRICT_PROTOTYPES = YES;
				CLANG_WARN_SUSPICIOUS_MOVE = YES;
				CLANG_WARN_UNGUARDED_AVAILABILITY = YES_AGGRESSIVE;
				CLANG_WARN_UNREACHABLE_CODE = YES;
				CLANG_WARN__DUPLICATE_METHOD_MATCH = YES;
				COPY_PHASE_STRIP = NO;
				DEBUG_INFORMATION_FORMAT = dwarf;
				ENABLE_STRICT_OBJC_MSGSEND = YES;
				ENABLE_TESTABILITY = YES;
				GCC_C_LANGUAGE_STANDARD = gnu11;
				GCC_DYNAMIC_NO_PIC = NO;
				GCC_NO_COMMON_BLOCKS = YES;
				GCC_OPTIMIZATION_LEVEL = 0;
				GCC_PREPROCESSOR_DEFINITIONS = (
					"DEBUG=1",
					"$(inherited)",
				);
				GCC_WARN_64_TO_32_BIT_CONVERSION = YES;
				GCC_WARN_ABOUT_RETURN_TYPE = YES_ERROR;
				GCC_WARN_UNDECLARED_SELECTOR = YES;
				GCC_WARN_UNINITIALIZED_AUTOS = YES_AGGRESSIVE;
				GCC_WARN_UNUSED_FUNCTION = YES;
				GCC_WARN_UNUSED_VARIABLE = YES;
				IPHONEOS_DEPLOYMENT_TARGET = 15.0;
				MTL_ENABLE_DEBUG_INFO = INCLUDE_SOURCE;
				MTL_FAST_MATH = YES;
				ONLY_ACTIVE_ARCH = YES;
				SDKROOT = iphoneos;
				SWIFT_ACTIVE_COMPILATION_CONDITIONS = DEBUG;
				SWIFT_OPTIMIZATION_LEVEL = "-Onone";
			};
			name = Debug;
		};
		764FC73628518CC9007A7415 /* Release */ = {
			isa = XCBuildConfiguration;
			buildSettings = {
				ALWAYS_SEARCH_USER_PATHS = NO;
				CLANG_ANALYZER_NONNULL = YES;
				CLANG_ANALYZER_NUMBER_OBJECT_CONVERSION = YES_AGGRESSIVE;
				CLANG_CXX_LANGUAGE_STANDARD = "gnu++17";
				CLANG_ENABLE_MODULES = YES;
				CLANG_ENABLE_OBJC_ARC = YES;
				CLANG_ENABLE_OBJC_WEAK = YES;
				CLANG_WARN_BLOCK_CAPTURE_AUTORELEASING = YES;
				CLANG_WARN_BOOL_CONVERSION = YES;
				CLANG_WARN_COMMA = YES;
				CLANG_WARN_CONSTANT_CONVERSION = YES;
				CLANG_WARN_DEPRECATED_OBJC_IMPLEMENTATIONS = YES;
				CLANG_WARN_DIRECT_OBJC_ISA_USAGE = YES_ERROR;
				CLANG_WARN_DOCUMENTATION_COMMENTS = YES;
				CLANG_WARN_EMPTY_BODY = YES;
				CLANG_WARN_ENUM_CONVERSION = YES;
				CLANG_WARN_INFINITE_RECURSION = YES;
				CLANG_WARN_INT_CONVERSION = YES;
				CLANG_WARN_NON_LITERAL_NULL_CONVERSION = YES;
				CLANG_WARN_OBJC_IMPLICIT_RETAIN_SELF = YES;
				CLANG_WARN_OBJC_LITERAL_CONVERSION = YES;
				CLANG_WARN_OBJC_ROOT_CLASS = YES_ERROR;
				CLANG_WARN_QUOTED_INCLUDE_IN_FRAMEWORK_HEADER = YES;
				CLANG_WARN_RANGE_LOOP_ANALYSIS = YES;
				CLANG_WARN_STRICT_PROTOTYPES = YES;
				CLANG_WARN_SUSPICIOUS_MOVE = YES;
				CLANG_WARN_UNGUARDED_AVAILABILITY = YES_AGGRESSIVE;
				CLANG_WARN_UNREACHABLE_CODE = YES;
				CLANG_WARN__DUPLICATE_METHOD_MATCH = YES;
				COPY_PHASE_STRIP = NO;
				DEBUG_INFORMATION_FORMAT = "dwarf-with-dsym";
				ENABLE_NS_ASSERTIONS = NO;
				ENABLE_STRICT_OBJC_MSGSEND = YES;
				GCC_C_LANGUAGE_STANDARD = gnu11;
				GCC_NO_COMMON_BLOCKS = YES;
				GCC_WARN_64_TO_32_BIT_CONVERSION = YES;
				GCC_WARN_ABOUT_RETURN_TYPE = YES_ERROR;
				GCC_WARN_UNDECLARED_SELECTOR = YES;
				GCC_WARN_UNINITIALIZED_AUTOS = YES_AGGRESSIVE;
				GCC_WARN_UNUSED_FUNCTION = YES;
				GCC_WARN_UNUSED_VARIABLE = YES;
				IPHONEOS_DEPLOYMENT_TARGET = 15.0;
				MTL_ENABLE_DEBUG_INFO = NO;
				MTL_FAST_MATH = YES;
				SDKROOT = iphoneos;
				SWIFT_COMPILATION_MODE = wholemodule;
				SWIFT_OPTIMIZATION_LEVEL = "-O";
				VALIDATE_PRODUCT = YES;
			};
			name = Release;
		};
		764FC73828518CC9007A7415 /* Debug */ = {
			isa = XCBuildConfiguration;
			buildSettings = {
				ASSETCATALOG_COMPILER_APPICON_NAME = AppIcon;
				ASSETCATALOG_COMPILER_GLOBAL_ACCENT_COLOR_NAME = AccentColor;
				CODE_SIGN_STYLE = Automatic;
				CURRENT_PROJECT_VERSION = 1;
				DEVELOPMENT_ASSET_PATHS = "\"ToGather/Preview Content\"";
				DEVELOPMENT_TEAM = 3GJ7T3N35Y;
				ENABLE_PREVIEWS = YES;
				GENERATE_INFOPLIST_FILE = YES;
				INFOPLIST_KEY_UIApplicationSceneManifest_Generation = YES;
				INFOPLIST_KEY_UIApplicationSupportsIndirectInputEvents = YES;
				INFOPLIST_KEY_UILaunchScreen_Generation = YES;
				INFOPLIST_KEY_UISupportedInterfaceOrientations_iPad = "UIInterfaceOrientationPortrait UIInterfaceOrientationPortraitUpsideDown UIInterfaceOrientationLandscapeLeft UIInterfaceOrientationLandscapeRight";
				INFOPLIST_KEY_UISupportedInterfaceOrientations_iPhone = "UIInterfaceOrientationPortrait UIInterfaceOrientationLandscapeLeft UIInterfaceOrientationLandscapeRight";
				LD_RUNPATH_SEARCH_PATHS = (
					"$(inherited)",
					"@executable_path/Frameworks",
				);
				MARKETING_VERSION = 1.0;
				PRODUCT_BUNDLE_IDENTIFIER = SevenStandards.ToGather;
				PRODUCT_NAME = "$(TARGET_NAME)";
				SWIFT_EMIT_LOC_STRINGS = YES;
				SWIFT_VERSION = 5.0;
				TARGETED_DEVICE_FAMILY = "1,2";
			};
			name = Debug;
		};
		764FC73928518CC9007A7415 /* Release */ = {
			isa = XCBuildConfiguration;
			buildSettings = {
				ASSETCATALOG_COMPILER_APPICON_NAME = AppIcon;
				ASSETCATALOG_COMPILER_GLOBAL_ACCENT_COLOR_NAME = AccentColor;
				CODE_SIGN_STYLE = Automatic;
				CURRENT_PROJECT_VERSION = 1;
				DEVELOPMENT_ASSET_PATHS = "\"ToGather/Preview Content\"";
				DEVELOPMENT_TEAM = 3GJ7T3N35Y;
				ENABLE_PREVIEWS = YES;
				GENERATE_INFOPLIST_FILE = YES;
				INFOPLIST_KEY_UIApplicationSceneManifest_Generation = YES;
				INFOPLIST_KEY_UIApplicationSupportsIndirectInputEvents = YES;
				INFOPLIST_KEY_UILaunchScreen_Generation = YES;
				INFOPLIST_KEY_UISupportedInterfaceOrientations_iPad = "UIInterfaceOrientationPortrait UIInterfaceOrientationPortraitUpsideDown UIInterfaceOrientationLandscapeLeft UIInterfaceOrientationLandscapeRight";
				INFOPLIST_KEY_UISupportedInterfaceOrientations_iPhone = "UIInterfaceOrientationPortrait UIInterfaceOrientationLandscapeLeft UIInterfaceOrientationLandscapeRight";
				LD_RUNPATH_SEARCH_PATHS = (
					"$(inherited)",
					"@executable_path/Frameworks",
				);
				MARKETING_VERSION = 1.0;
				PRODUCT_BUNDLE_IDENTIFIER = SevenStandards.ToGather;
				PRODUCT_NAME = "$(TARGET_NAME)";
				SWIFT_EMIT_LOC_STRINGS = YES;
				SWIFT_VERSION = 5.0;
				TARGETED_DEVICE_FAMILY = "1,2";
			};
			name = Release;
		};
/* End XCBuildConfiguration section */

/* Begin XCConfigurationList section */
		764FC72428518CC8007A7415 /* Build configuration list for PBXProject "ToGather" */ = {
			isa = XCConfigurationList;
			buildConfigurations = (
				764FC73528518CC9007A7415 /* Debug */,
				764FC73628518CC9007A7415 /* Release */,
			);
			defaultConfigurationIsVisible = 0;
			defaultConfigurationName = Release;
		};
		764FC73728518CC9007A7415 /* Build configuration list for PBXNativeTarget "ToGather" */ = {
			isa = XCConfigurationList;
			buildConfigurations = (
				764FC73828518CC9007A7415 /* Debug */,
				764FC73928518CC9007A7415 /* Release */,
			);
			defaultConfigurationIsVisible = 0;
			defaultConfigurationName = Release;
		};
/* End XCConfigurationList section */

/* Begin XCRemoteSwiftPackageReference section */
		3D4383A928519DA700AD1885 /* XCRemoteSwiftPackageReference "firebase-ios-sdk" */ = {
			isa = XCRemoteSwiftPackageReference;
			repositoryURL = "https://github.com/firebase/firebase-ios-sdk";
			requirement = {
				branch = master;
				kind = branch;
			};
		};
		764FC79128544F17007A7415 /* XCRemoteSwiftPackageReference "SwiftUI-Introspect" */ = {
			isa = XCRemoteSwiftPackageReference;
			repositoryURL = "https://github.com/siteline/SwiftUI-Introspect.git";
			requirement = {
				branch = master;
				kind = branch;
			};
		};
/* End XCRemoteSwiftPackageReference section */

/* Begin XCSwiftPackageProductDependency section */
		3D4134562852EC44009E7953 /* FirebaseFirestoreSwift */ = {
			isa = XCSwiftPackageProductDependency;
			package = 3D4383A928519DA700AD1885 /* XCRemoteSwiftPackageReference "firebase-ios-sdk" */;
			productName = FirebaseFirestoreSwift;
		};
		3D4383AA28519DA700AD1885 /* FirebaseAuth */ = {
			isa = XCSwiftPackageProductDependency;
			package = 3D4383A928519DA700AD1885 /* XCRemoteSwiftPackageReference "firebase-ios-sdk" */;
			productName = FirebaseAuth;
		};
		3D4383AC28519DA700AD1885 /* FirebaseFirestore */ = {
			isa = XCSwiftPackageProductDependency;
			package = 3D4383A928519DA700AD1885 /* XCRemoteSwiftPackageReference "firebase-ios-sdk" */;
			productName = FirebaseFirestore;
		};
		3D87D9F52852046100C36346 /* FirebaseStorage */ = {
			isa = XCSwiftPackageProductDependency;
			package = 3D4383A928519DA700AD1885 /* XCRemoteSwiftPackageReference "firebase-ios-sdk" */;
			productName = FirebaseStorage;
		};
		764FC79228544F17007A7415 /* Introspect */ = {
			isa = XCSwiftPackageProductDependency;
			package = 764FC79128544F17007A7415 /* XCRemoteSwiftPackageReference "SwiftUI-Introspect" */;
			productName = Introspect;
		};
		7669F5FB2855A46C001DDA0D /* FirebaseAuth */ = {
			isa = XCSwiftPackageProductDependency;
			package = 3D4383A928519DA700AD1885 /* XCRemoteSwiftPackageReference "firebase-ios-sdk" */;
			productName = FirebaseAuth;
		};
		7669F5FD2855A46C001DDA0D /* FirebaseFirestore */ = {
			isa = XCSwiftPackageProductDependency;
			package = 3D4383A928519DA700AD1885 /* XCRemoteSwiftPackageReference "firebase-ios-sdk" */;
			productName = FirebaseFirestore;
		};
		7669F5FF2855A46C001DDA0D /* FirebaseStorage */ = {
			isa = XCSwiftPackageProductDependency;
			package = 3D4383A928519DA700AD1885 /* XCRemoteSwiftPackageReference "firebase-ios-sdk" */;
			productName = FirebaseStorage;
		};
/* End XCSwiftPackageProductDependency section */
	};
	rootObject = 764FC72128518CC8007A7415 /* Project object */;
}
